// !$*UTF8*$!
{
	archiveVersion = 1;
	classes = {
	};
	objectVersion = 46;
	objects = {

/* Begin PBXBuildFile section */
		1639DAC61B0A5E3D00DC3217 /* AppDelegate.swift in Sources */ = {isa = PBXBuildFile; fileRef = 1639DAC51B0A5E3D00DC3217 /* AppDelegate.swift */; };
		1639DAC91B0A5E3D00DC3217 /* Budgie.xcdatamodeld in Sources */ = {isa = PBXBuildFile; fileRef = 1639DAC71B0A5E3D00DC3217 /* Budgie.xcdatamodeld */; };
		1639DACB1B0A5E3D00DC3217 /* ViewController.swift in Sources */ = {isa = PBXBuildFile; fileRef = 1639DACA1B0A5E3D00DC3217 /* ViewController.swift */; };
		1639DACE1B0A5E3D00DC3217 /* Main.storyboard in Resources */ = {isa = PBXBuildFile; fileRef = 1639DACC1B0A5E3D00DC3217 /* Main.storyboard */; };
		1639DAD01B0A5E3D00DC3217 /* Images.xcassets in Resources */ = {isa = PBXBuildFile; fileRef = 1639DACF1B0A5E3D00DC3217 /* Images.xcassets */; };
		1639DAD31B0A5E3D00DC3217 /* LaunchScreen.xib in Resources */ = {isa = PBXBuildFile; fileRef = 1639DAD11B0A5E3D00DC3217 /* LaunchScreen.xib */; };
		1639DADF1B0A5E3D00DC3217 /* BudgieTests.swift in Sources */ = {isa = PBXBuildFile; fileRef = 1639DADE1B0A5E3D00DC3217 /* BudgieTests.swift */; };
/* End PBXBuildFile section */

/* Begin PBXContainerItemProxy section */
		1639DAD91B0A5E3D00DC3217 /* PBXContainerItemProxy */ = {
			isa = PBXContainerItemProxy;
			containerPortal = 1639DAB81B0A5E3D00DC3217 /* Project object */;
			proxyType = 1;
			remoteGlobalIDString = 1639DABF1B0A5E3D00DC3217;
			remoteInfo = Budgie;
		};
/* End PBXContainerItemProxy section */

/* Begin PBXFileReference section */
		1639DAC01B0A5E3D00DC3217 /* Budgie.app */ = {isa = PBXFileReference; explicitFileType = wrapper.application; includeInIndex = 0; path = Budgie.app; sourceTree = BUILT_PRODUCTS_DIR; };
		1639DAC41B0A5E3D00DC3217 /* Info.plist */ = {isa = PBXFileReference; lastKnownFileType = text.plist.xml; path = Info.plist; sourceTree = "<group>"; };
		1639DAC51B0A5E3D00DC3217 /* AppDelegate.swift */ = {isa = PBXFileReference; lastKnownFileType = sourcecode.swift; path = AppDelegate.swift; sourceTree = "<group>"; };
		1639DAC81B0A5E3D00DC3217 /* Budgie.xcdatamodel */ = {isa = PBXFileReference; lastKnownFileType = wrapper.xcdatamodel; path = Budgie.xcdatamodel; sourceTree = "<group>"; };
		1639DACA1B0A5E3D00DC3217 /* ViewController.swift */ = {isa = PBXFileReference; lastKnownFileType = sourcecode.swift; path = ViewController.swift; sourceTree = "<group>"; };
		1639DACD1B0A5E3D00DC3217 /* Base */ = {isa = PBXFileReference; lastKnownFileType = file.storyboard; name = Base; path = Base.lproj/Main.storyboard; sourceTree = "<group>"; };
		1639DACF1B0A5E3D00DC3217 /* Images.xcassets */ = {isa = PBXFileReference; lastKnownFileType = folder.assetcatalog; path = Images.xcassets; sourceTree = "<group>"; };
		1639DAD21B0A5E3D00DC3217 /* Base */ = {isa = PBXFileReference; lastKnownFileType = file.xib; name = Base; path = Base.lproj/LaunchScreen.xib; sourceTree = "<group>"; };
		1639DAD81B0A5E3D00DC3217 /* BudgieTests.xctest */ = {isa = PBXFileReference; explicitFileType = wrapper.cfbundle; includeInIndex = 0; path = BudgieTests.xctest; sourceTree = BUILT_PRODUCTS_DIR; };
		1639DADD1B0A5E3D00DC3217 /* Info.plist */ = {isa = PBXFileReference; lastKnownFileType = text.plist.xml; path = Info.plist; sourceTree = "<group>"; };
		1639DADE1B0A5E3D00DC3217 /* BudgieTests.swift */ = {isa = PBXFileReference; lastKnownFileType = sourcecode.swift; path = BudgieTests.swift; sourceTree = "<group>"; };
/* End PBXFileReference section */

/* Begin PBXFrameworksBuildPhase section */
		1639DABD1B0A5E3D00DC3217 /* Frameworks */ = {
			isa = PBXFrameworksBuildPhase;
			buildActionMask = 2147483647;
			files = (
			);
			runOnlyForDeploymentPostprocessing = 0;
		};
		1639DAD51B0A5E3D00DC3217 /* Frameworks */ = {
			isa = PBXFrameworksBuildPhase;
			buildActionMask = 2147483647;
			files = (
			);
			runOnlyForDeploymentPostprocessing = 0;
		};
/* End PBXFrameworksBuildPhase section */

/* Begin PBXGroup section */
		1639DAB71B0A5E3D00DC3217 = {
			isa = PBXGroup;
			children = (
				1639DAC21B0A5E3D00DC3217 /* Budgie */,
				1639DADB1B0A5E3D00DC3217 /* BudgieTests */,
				1639DAC11B0A5E3D00DC3217 /* Products */,
			);
			sourceTree = "<group>";
		};
		1639DAC11B0A5E3D00DC3217 /* Products */ = {
			isa = PBXGroup;
			children = (
				1639DAC01B0A5E3D00DC3217 /* Budgie.app */,
				1639DAD81B0A5E3D00DC3217 /* BudgieTests.xctest */,
			);
			name = Products;
			sourceTree = "<group>";
		};
		1639DAC21B0A5E3D00DC3217 /* Budgie */ = {
			isa = PBXGroup;
			children = (
				1639DAC51B0A5E3D00DC3217 /* AppDelegate.swift */,
				1639DACA1B0A5E3D00DC3217 /* ViewController.swift */,
				1639DACC1B0A5E3D00DC3217 /* Main.storyboard */,
				1639DACF1B0A5E3D00DC3217 /* Images.xcassets */,
				1639DAD11B0A5E3D00DC3217 /* LaunchScreen.xib */,
				1639DAC71B0A5E3D00DC3217 /* Budgie.xcdatamodeld */,
				1639DAC31B0A5E3D00DC3217 /* Supporting Files */,
			);
			path = Budgie;
			sourceTree = "<group>";
		};
		1639DAC31B0A5E3D00DC3217 /* Supporting Files */ = {
			isa = PBXGroup;
			children = (
				1639DAC41B0A5E3D00DC3217 /* Info.plist */,
			);
			name = "Supporting Files";
			sourceTree = "<group>";
		};
		1639DADB1B0A5E3D00DC3217 /* BudgieTests */ = {
			isa = PBXGroup;
			children = (
				1639DADE1B0A5E3D00DC3217 /* BudgieTests.swift */,
				1639DADC1B0A5E3D00DC3217 /* Supporting Files */,
			);
			path = BudgieTests;
			sourceTree = "<group>";
		};
		1639DADC1B0A5E3D00DC3217 /* Supporting Files */ = {
			isa = PBXGroup;
			children = (
				1639DADD1B0A5E3D00DC3217 /* Info.plist */,
			);
			name = "Supporting Files";
			sourceTree = "<group>";
		};
/* End PBXGroup section */

/* Begin PBXNativeTarget section */
		1639DABF1B0A5E3D00DC3217 /* Budgie */ = {
			isa = PBXNativeTarget;
			buildConfigurationList = 1639DAE21B0A5E3D00DC3217 /* Build configuration list for PBXNativeTarget "Budgie" */;
			buildPhases = (
				1639DABC1B0A5E3D00DC3217 /* Sources */,
				1639DABD1B0A5E3D00DC3217 /* Frameworks */,
				1639DABE1B0A5E3D00DC3217 /* Resources */,
			);
			buildRules = (
			);
			dependencies = (
			);
			name = Budgie;
			productName = Budgie;
			productReference = 1639DAC01B0A5E3D00DC3217 /* Budgie.app */;
			productType = "com.apple.product-type.application";
		};
		1639DAD71B0A5E3D00DC3217 /* BudgieTests */ = {
			isa = PBXNativeTarget;
			buildConfigurationList = 1639DAE51B0A5E3D00DC3217 /* Build configuration list for PBXNativeTarget "BudgieTests" */;
			buildPhases = (
				1639DAD41B0A5E3D00DC3217 /* Sources */,
				1639DAD51B0A5E3D00DC3217 /* Frameworks */,
				1639DAD61B0A5E3D00DC3217 /* Resources */,
			);
			buildRules = (
			);
			dependencies = (
				1639DADA1B0A5E3D00DC3217 /* PBXTargetDependency */,
			);
			name = BudgieTests;
			productName = BudgieTests;
			productReference = 1639DAD81B0A5E3D00DC3217 /* BudgieTests.xctest */;
			productType = "com.apple.product-type.bundle.unit-test";
		};
/* End PBXNativeTarget section */

/* Begin PBXProject section */
		1639DAB81B0A5E3D00DC3217 /* Project object */ = {
			isa = PBXProject;
			attributes = {
				LastUpgradeCheck = 0630;
				ORGANIZATIONNAME = "Twister Labs, LLC";
				TargetAttributes = {
					1639DABF1B0A5E3D00DC3217 = {
						CreatedOnToolsVersion = 6.3.1;
					};
					1639DAD71B0A5E3D00DC3217 = {
						CreatedOnToolsVersion = 6.3.1;
						TestTargetID = 1639DABF1B0A5E3D00DC3217;
					};
				};
			};
			buildConfigurationList = 1639DABB1B0A5E3D00DC3217 /* Build configuration list for PBXProject "Budgie" */;
			compatibilityVersion = "Xcode 3.2";
			developmentRegion = English;
			hasScannedForEncodings = 0;
			knownRegions = (
				en,
				Base,
			);
			mainGroup = 1639DAB71B0A5E3D00DC3217;
			productRefGroup = 1639DAC11B0A5E3D00DC3217 /* Products */;
			projectDirPath = "";
			projectRoot = "";
			targets = (
				1639DABF1B0A5E3D00DC3217 /* Budgie */,
				1639DAD71B0A5E3D00DC3217 /* BudgieTests */,
			);
		};
/* End PBXProject section */

/* Begin PBXResourcesBuildPhase section */
		1639DABE1B0A5E3D00DC3217 /* Resources */ = {
			isa = PBXResourcesBuildPhase;
			buildActionMask = 2147483647;
			files = (
				1639DACE1B0A5E3D00DC3217 /* Main.storyboard in Resources */,
				1639DAD31B0A5E3D00DC3217 /* LaunchScreen.xib in Resources */,
				1639DAD01B0A5E3D00DC3217 /* Images.xcassets in Resources */,
			);
			runOnlyForDeploymentPostprocessing = 0;
		};
		1639DAD61B0A5E3D00DC3217 /* Resources */ = {
			isa = PBXResourcesBuildPhase;
			buildActionMask = 2147483647;
			files = (
			);
			runOnlyForDeploymentPostprocessing = 0;
		};
/* End PBXResourcesBuildPhase section */

/* Begin PBXSourcesBuildPhase section */
		1639DABC1B0A5E3D00DC3217 /* Sources */ = {
			isa = PBXSourcesBuildPhase;
			buildActionMask = 2147483647;
			files = (
				1639DACB1B0A5E3D00DC3217 /* ViewController.swift in Sources */,
				1639DAC61B0A5E3D00DC3217 /* AppDelegate.swift in Sources */,
				1639DAC91B0A5E3D00DC3217 /* Budgie.xcdatamodeld in Sources */,
			);
			runOnlyForDeploymentPostprocessing = 0;
		};
		1639DAD41B0A5E3D00DC3217 /* Sources */ = {
			isa = PBXSourcesBuildPhase;
			buildActionMask = 2147483647;
			files = (
				1639DADF1B0A5E3D00DC3217 /* BudgieTests.swift in Sources */,
			);
			runOnlyForDeploymentPostprocessing = 0;
		};
/* End PBXSourcesBuildPhase section */

/* Begin PBXTargetDependency section */
		1639DADA1B0A5E3D00DC3217 /* PBXTargetDependency */ = {
			isa = PBXTargetDependency;
			target = 1639DABF1B0A5E3D00DC3217 /* Budgie */;
			targetProxy = 1639DAD91B0A5E3D00DC3217 /* PBXContainerItemProxy */;
		};
/* End PBXTargetDependency section */

/* Begin PBXVariantGroup section */
		1639DACC1B0A5E3D00DC3217 /* Main.storyboard */ = {
			isa = PBXVariantGroup;
			children = (
				1639DACD1B0A5E3D00DC3217 /* Base */,
			);
			name = Main.storyboard;
			sourceTree = "<group>";
		};
		1639DAD11B0A5E3D00DC3217 /* LaunchScreen.xib */ = {
			isa = PBXVariantGroup;
			children = (
				1639DAD21B0A5E3D00DC3217 /* Base */,
			);
			name = LaunchScreen.xib;
			sourceTree = "<group>";
		};
/* End PBXVariantGroup section */

/* Begin XCBuildConfiguration section */
		1639DAE01B0A5E3D00DC3217 /* Debug */ = {
			isa = XCBuildConfiguration;
			buildSettings = {
				ALWAYS_SEARCH_USER_PATHS = NO;
				CLANG_CXX_LANGUAGE_STANDARD = "gnu++0x";
				CLANG_CXX_LIBRARY = "libc++";
				CLANG_ENABLE_MODULES = YES;
				CLANG_ENABLE_OBJC_ARC = YES;
				CLANG_WARN_BOOL_CONVERSION = YES;
				CLANG_WARN_CONSTANT_CONVERSION = YES;
				CLANG_WARN_DIRECT_OBJC_ISA_USAGE = YES_ERROR;
				CLANG_WARN_EMPTY_BODY = YES;
				CLANG_WARN_ENUM_CONVERSION = YES;
				CLANG_WARN_INT_CONVERSION = YES;
				CLANG_WARN_OBJC_ROOT_CLASS = YES_ERROR;
				CLANG_WARN_UNREACHABLE_CODE = YES;
				CLANG_WARN__DUPLICATE_METHOD_MATCH = YES;
				"CODE_SIGN_IDENTITY[sdk=iphoneos*]" = "iPhone Developer";
				COPY_PHASE_STRIP = NO;
				DEBUG_INFORMATION_FORMAT = "dwarf-with-dsym";
				ENABLE_STRICT_OBJC_MSGSEND = YES;
				GCC_C_LANGUAGE_STANDARD = gnu99;
				GCC_DYNAMIC_NO_PIC = NO;
				GCC_NO_COMMON_BLOCKS = YES;
				GCC_OPTIMIZATION_LEVEL = 0;
				GCC_PREPROCESSOR_DEFINITIONS = (
					"DEBUG=1",
					"$(inherited)",
				);
				GCC_SYMBOLS_PRIVATE_EXTERN = NO;
				GCC_WARN_64_TO_32_BIT_CONVERSION = YES;
				GCC_WARN_ABOUT_RETURN_TYPE = YES_ERROR;
				GCC_WARN_UNDECLARED_SELECTOR = YES;
				GCC_WARN_UNINITIALIZED_AUTOS = YES_AGGRESSIVE;
				GCC_WARN_UNUSED_FUNCTION = YES;
				GCC_WARN_UNUSED_VARIABLE = YES;
				IPHONEOS_DEPLOYMENT_TARGET = 8.3;
				MTL_ENABLE_DEBUG_INFO = YES;
				ONLY_ACTIVE_ARCH = YES;
				SDKROOT = iphoneos;
				SWIFT_OPTIMIZATION_LEVEL = "-Onone";
				TARGETED_DEVICE_FAMILY = "1,2";
			};
			name = Debug;
		};
		1639DAE11B0A5E3D00DC3217 /* Release */ = {
			isa = XCBuildConfiguration;
			buildSettings = {
				ALWAYS_SEARCH_USER_PATHS = NO;
				CLANG_CXX_LANGUAGE_STANDARD = "gnu++0x";
				CLANG_CXX_LIBRARY = "libc++";
				CLANG_ENABLE_MODULES = YES;
				CLANG_ENABLE_OBJC_ARC = YES;
				CLANG_WARN_BOOL_CONVERSION = YES;
				CLANG_WARN_CONSTANT_CONVERSION = YES;
				CLANG_WARN_DIRECT_OBJC_ISA_USAGE = YES_ERROR;
				CLANG_WARN_EMPTY_BODY = YES;
				CLANG_WARN_ENUM_CONVERSION = YES;
				CLANG_WARN_INT_CONVERSION = YES;
				CLANG_WARN_OBJC_ROOT_CLASS = YES_ERROR;
				CLANG_WARN_UNREACHABLE_CODE = YES;
				CLANG_WARN__DUPLICATE_METHOD_MATCH = YES;
				"CODE_SIGN_IDENTITY[sdk=iphoneos*]" = "iPhone Developer";
				COPY_PHASE_STRIP = NO;
				DEBUG_INFORMATION_FORMAT = "dwarf-with-dsym";
				ENABLE_NS_ASSERTIONS = NO;
				ENABLE_STRICT_OBJC_MSGSEND = YES;
				GCC_C_LANGUAGE_STANDARD = gnu99;
				GCC_NO_COMMON_BLOCKS = YES;
				GCC_WARN_64_TO_32_BIT_CONVERSION = YES;
				GCC_WARN_ABOUT_RETURN_TYPE = YES_ERROR;
				GCC_WARN_UNDECLARED_SELECTOR = YES;
				GCC_WARN_UNINITIALIZED_AUTOS = YES_AGGRESSIVE;
				GCC_WARN_UNUSED_FUNCTION = YES;
				GCC_WARN_UNUSED_VARIABLE = YES;
				IPHONEOS_DEPLOYMENT_TARGET = 8.3;
				MTL_ENABLE_DEBUG_INFO = NO;
				SDKROOT = iphoneos;
				TARGETED_DEVICE_FAMILY = "1,2";
				VALIDATE_PRODUCT = YES;
			};
			name = Release;
		};
		1639DAE31B0A5E3D00DC3217 /* Debug */ = {
			isa = XCBuildConfiguration;
			buildSettings = {
				ASSETCATALOG_COMPILER_APPICON_NAME = AppIcon;
				INFOPLIST_FILE = Budgie/Info.plist;
				LD_RUNPATH_SEARCH_PATHS = "$(inherited) @executable_path/Frameworks";
				PRODUCT_NAME = "$(TARGET_NAME)";
			};
			name = Debug;
		};
		1639DAE41B0A5E3D00DC3217 /* Release */ = {
			isa = XCBuildConfiguration;
			buildSettings = {
				ASSETCATALOG_COMPILER_APPICON_NAME = AppIcon;
				INFOPLIST_FILE = Budgie/Info.plist;
				LD_RUNPATH_SEARCH_PATHS = "$(inherited) @executable_path/Frameworks";
				PRODUCT_NAME = "$(TARGET_NAME)";
			};
			name = Release;
		};
		1639DAE61B0A5E3D00DC3217 /* Debug */ = {
			isa = XCBuildConfiguration;
			buildSettings = {
				BUNDLE_LOADER = "$(TEST_HOST)";
				FRAMEWORK_SEARCH_PATHS = (
					"$(SDKROOT)/Developer/Library/Frameworks",
					"$(inherited)",
				);
				GCC_PREPROCESSOR_DEFINITIONS = (
					"DEBUG=1",
					"$(inherited)",
				);
				INFOPLIST_FILE = BudgieTests/Info.plist;
				LD_RUNPATH_SEARCH_PATHS = "$(inherited) @executable_path/Frameworks @loader_path/Frameworks";
				PRODUCT_NAME = "$(TARGET_NAME)";
				TEST_HOST = "$(BUILT_PRODUCTS_DIR)/Budgie.app/Budgie";
			};
			name = Debug;
		};
		1639DAE71B0A5E3D00DC3217 /* Release */ = {
			isa = XCBuildConfiguration;
			buildSettings = {
				BUNDLE_LOADER = "$(TEST_HOST)";
				FRAMEWORK_SEARCH_PATHS = (
					"$(SDKROOT)/Developer/Library/Frameworks",
					"$(inherited)",
				);
				INFOPLIST_FILE = BudgieTests/Info.plist;
				LD_RUNPATH_SEARCH_PATHS = "$(inherited) @executable_path/Frameworks @loader_path/Frameworks";
				PRODUCT_NAME = "$(TARGET_NAME)";
				TEST_HOST = "$(BUILT_PRODUCTS_DIR)/Budgie.app/Budgie";
			};
			name = Release;
		};
/* End XCBuildConfiguration section */

/* Begin XCConfigurationList section */
		1639DABB1B0A5E3D00DC3217 /* Build configuration list for PBXProject "Budgie" */ = {
			isa = XCConfigurationList;
			buildConfigurations = (
				1639DAE01B0A5E3D00DC3217 /* Debug */,
				1639DAE11B0A5E3D00DC3217 /* Release */,
			);
			defaultConfigurationIsVisible = 0;
			defaultConfigurationName = Release;
		};
		1639DAE21B0A5E3D00DC3217 /* Build configuration list for PBXNativeTarget "Budgie" */ = {
			isa = XCConfigurationList;
			buildConfigurations = (
				1639DAE31B0A5E3D00DC3217 /* Debug */,
				1639DAE41B0A5E3D00DC3217 /* Release */,
			);
			defaultConfigurationIsVisible = 0;
		};
		1639DAE51B0A5E3D00DC3217 /* Build configuration list for PBXNativeTarget "BudgieTests" */ = {
			isa = XCConfigurationList;
			buildConfigurations = (
				1639DAE61B0A5E3D00DC3217 /* Debug */,
				1639DAE71B0A5E3D00DC3217 /* Release */,
			);
			defaultConfigurationIsVisible = 0;
		};
/* End XCConfigurationList section */

/* Begin XCVersionGroup section */
		1639DAC71B0A5E3D00DC3217 /* Budgie.xcdatamodeld */ = {
			isa = XCVersionGroup;
			children = (
				1639DAC81B0A5E3D00DC3217 /* Budgie.xcdatamodel */,
			);
			currentVersion = 1639DAC81B0A5E3D00DC3217 /* Budgie.xcdatamodel */;
			path = Budgie.xcdatamodeld;
			sourceTree = "<group>";
			versionGroupType = wrapper.xcdatamodel;
		};
/* End XCVersionGroup section */
	};
	rootObject = 1639DAB81B0A5E3D00DC3217 /* Project object */;
}
