// !$*UTF8*$!
{
	archiveVersion = 1;
	classes = {
	};
	objectVersion = 46;
	objects = {

/* Begin PBXBuildFile section */
		160CB1EE1B0D0A2C002E35E7 /* BudgieComposeTweetViewController.swift in Sources */ = {isa = PBXBuildFile; fileRef = 160CB1ED1B0D0A2C002E35E7 /* BudgieComposeTweetViewController.swift */; };
		1639DAC61B0A5E3D00DC3217 /* AppDelegate.swift in Sources */ = {isa = PBXBuildFile; fileRef = 1639DAC51B0A5E3D00DC3217 /* AppDelegate.swift */; };
		1639DAC91B0A5E3D00DC3217 /* Budgie.xcdatamodeld in Sources */ = {isa = PBXBuildFile; fileRef = 1639DAC71B0A5E3D00DC3217 /* Budgie.xcdatamodeld */; };
		1639DACB1B0A5E3D00DC3217 /* BudgieLoginViewController.swift in Sources */ = {isa = PBXBuildFile; fileRef = 1639DACA1B0A5E3D00DC3217 /* BudgieLoginViewController.swift */; };
		1639DACE1B0A5E3D00DC3217 /* Main.storyboard in Resources */ = {isa = PBXBuildFile; fileRef = 1639DACC1B0A5E3D00DC3217 /* Main.storyboard */; };
		1639DAD01B0A5E3D00DC3217 /* Images.xcassets in Resources */ = {isa = PBXBuildFile; fileRef = 1639DACF1B0A5E3D00DC3217 /* Images.xcassets */; };
		1639DAD31B0A5E3D00DC3217 /* LaunchScreen.xib in Resources */ = {isa = PBXBuildFile; fileRef = 1639DAD11B0A5E3D00DC3217 /* LaunchScreen.xib */; };
		1639DADF1B0A5E3D00DC3217 /* BudgieTests.swift in Sources */ = {isa = PBXBuildFile; fileRef = 1639DADE1B0A5E3D00DC3217 /* BudgieTests.swift */; };
		164A299F1B1A970F0092E0F3 /* BudgieSearchViewController.swift in Sources */ = {isa = PBXBuildFile; fileRef = 164A299E1B1A970F0092E0F3 /* BudgieSearchViewController.swift */; };
		164A29A11B1AA60E0092E0F3 /* BudgieSearchUserCell.swift in Sources */ = {isa = PBXBuildFile; fileRef = 164A29A01B1AA60E0092E0F3 /* BudgieSearchUserCell.swift */; };
		165774AF1B1BD0AC007EB54B /* BudgieSwitchAccountsViewController.swift in Sources */ = {isa = PBXBuildFile; fileRef = 165774AE1B1BD0AC007EB54B /* BudgieSwitchAccountsViewController.swift */; };
		165774B11B1BD242007EB54B /* BudgieSwitchAccountsCell.swift in Sources */ = {isa = PBXBuildFile; fileRef = 165774B01B1BD242007EB54B /* BudgieSwitchAccountsCell.swift */; };
		165848A01B1A2AD300D217A4 /* BudgieMenuProfileCell.swift in Sources */ = {isa = PBXBuildFile; fileRef = 1658489F1B1A2AD300D217A4 /* BudgieMenuProfileCell.swift */; };
		165848A21B1A494500D217A4 /* BudgieMentionsViewController.swift in Sources */ = {isa = PBXBuildFile; fileRef = 165848A11B1A494500D217A4 /* BudgieMentionsViewController.swift */; };
		165848A61B1A504300D217A4 /* BudgieProfileGalleryCell.swift in Sources */ = {isa = PBXBuildFile; fileRef = 165848A51B1A504300D217A4 /* BudgieProfileGalleryCell.swift */; };
		165848A81B1A505700D217A4 /* BudgieProfileFriendsCell.swift in Sources */ = {isa = PBXBuildFile; fileRef = 165848A71B1A505700D217A4 /* BudgieProfileFriendsCell.swift */; };
		165848AA1B1A507200D217A4 /* BudgieProfileUserTweetsCell.swift in Sources */ = {isa = PBXBuildFile; fileRef = 165848A91B1A507200D217A4 /* BudgieProfileUserTweetsCell.swift */; };
		168B1A271B194D6D008A21F1 /* BudgieAltProfileCollectionViewController.swift in Sources */ = {isa = PBXBuildFile; fileRef = 168B1A261B194D6D008A21F1 /* BudgieAltProfileCollectionViewController.swift */; };
		168B1A291B19533A008A21F1 /* BudgieHeaderReusableView.swift in Sources */ = {isa = PBXBuildFile; fileRef = 168B1A281B19533A008A21F1 /* BudgieHeaderReusableView.swift */; };
		168B1A2B1B19534E008A21F1 /* BudgieFooterReusableView.swift in Sources */ = {isa = PBXBuildFile; fileRef = 168B1A2A1B19534E008A21F1 /* BudgieFooterReusableView.swift */; };
		168B1A311B1963C9008A21F1 /* BudgieMenuViewController.swift in Sources */ = {isa = PBXBuildFile; fileRef = 168B1A301B1963C9008A21F1 /* BudgieMenuViewController.swift */; };
		16A91D711B168DA100C07E20 /* UIFont+Appearance.swift in Sources */ = {isa = PBXBuildFile; fileRef = 16A91D701B168DA100C07E20 /* UIFont+Appearance.swift */; };
		16B13F791B0BA2A500427476 /* custom.plist in Resources */ = {isa = PBXBuildFile; fileRef = 16B13F781B0BA2A500427476 /* custom.plist */; };
		16B13F7D1B0BB01000427476 /* BudgieHomeViewController.swift in Sources */ = {isa = PBXBuildFile; fileRef = 16B13F7C1B0BB01000427476 /* BudgieHomeViewController.swift */; };
		16B13F7F1B0BC0D000427476 /* BudgieTweetCell.swift in Sources */ = {isa = PBXBuildFile; fileRef = 16B13F7E1B0BC0D000427476 /* BudgieTweetCell.swift */; };
		16B13F831B0BC2EE00427476 /* BudgieProfileViewController.swift in Sources */ = {isa = PBXBuildFile; fileRef = 16B13F821B0BC2EE00427476 /* BudgieProfileViewController.swift */; };
		16B13F851B0C310100427476 /* BudgieTweetDetailsViewController.swift in Sources */ = {isa = PBXBuildFile; fileRef = 16B13F841B0C310100427476 /* BudgieTweetDetailsViewController.swift */; };
		16B13F871B0C357400427476 /* BudgieDetailsHeaderCell.swift in Sources */ = {isa = PBXBuildFile; fileRef = 16B13F861B0C357400427476 /* BudgieDetailsHeaderCell.swift */; };
		16B13F8E1B0C365E00427476 /* BudgieDetailsEmptyCell.swift in Sources */ = {isa = PBXBuildFile; fileRef = 16B13F8D1B0C365E00427476 /* BudgieDetailsEmptyCell.swift */; };
		16B13F921B0C369800427476 /* BudgieDetailsActionsCell.swift in Sources */ = {isa = PBXBuildFile; fileRef = 16B13F911B0C369800427476 /* BudgieDetailsActionsCell.swift */; };
		16B591281B0A61C900C63812 /* TwitterClient.swift in Sources */ = {isa = PBXBuildFile; fileRef = 16B591271B0A61C900C63812 /* TwitterClient.swift */; };
		16B5912A1B0A814B00C63812 /* User.swift in Sources */ = {isa = PBXBuildFile; fileRef = 16B591291B0A814B00C63812 /* User.swift */; };
		16B5912C1B0A815900C63812 /* Tweet.swift in Sources */ = {isa = PBXBuildFile; fileRef = 16B5912B1B0A815900C63812 /* Tweet.swift */; };
		16F5980A1B17F8FF0022637B /* BudgieProfileCollectionViewController.swift in Sources */ = {isa = PBXBuildFile; fileRef = 16F598091B17F8FF0022637B /* BudgieProfileCollectionViewController.swift */; };
		16F5980C1B17FC310022637B /* BudgieProfileHeaderReusableView.swift in Sources */ = {isa = PBXBuildFile; fileRef = 16F5980B1B17FC310022637B /* BudgieProfileHeaderReusableView.swift */; };
		261238C5F3D298B84FA22666 /* libPods.a in Frameworks */ = {isa = PBXBuildFile; fileRef = DC63E5ED735F8DAD04838549 /* libPods.a */; };
/* End PBXBuildFile section */

/* Begin PBXContainerItemProxy section */
		1639DAD91B0A5E3D00DC3217 /* PBXContainerItemProxy */ = {
			isa = PBXContainerItemProxy;
			containerPortal = 1639DAB81B0A5E3D00DC3217 /* Project object */;
			proxyType = 1;
			remoteGlobalIDString = 1639DABF1B0A5E3D00DC3217;
			remoteInfo = Budgie;
		};
/* End PBXContainerItemProxy section */

/* Begin PBXFileReference section */
		160CB1ED1B0D0A2C002E35E7 /* BudgieComposeTweetViewController.swift */ = {isa = PBXFileReference; fileEncoding = 4; lastKnownFileType = sourcecode.swift; path = BudgieComposeTweetViewController.swift; sourceTree = "<group>"; };
		1639DAC01B0A5E3D00DC3217 /* Budgie.app */ = {isa = PBXFileReference; explicitFileType = wrapper.application; includeInIndex = 0; path = Budgie.app; sourceTree = BUILT_PRODUCTS_DIR; };
		1639DAC41B0A5E3D00DC3217 /* Info.plist */ = {isa = PBXFileReference; lastKnownFileType = text.plist.xml; path = Info.plist; sourceTree = "<group>"; };
		1639DAC51B0A5E3D00DC3217 /* AppDelegate.swift */ = {isa = PBXFileReference; lastKnownFileType = sourcecode.swift; path = AppDelegate.swift; sourceTree = "<group>"; };
		1639DAC81B0A5E3D00DC3217 /* Budgie.xcdatamodel */ = {isa = PBXFileReference; lastKnownFileType = wrapper.xcdatamodel; path = Budgie.xcdatamodel; sourceTree = "<group>"; };
		1639DACA1B0A5E3D00DC3217 /* BudgieLoginViewController.swift */ = {isa = PBXFileReference; lastKnownFileType = sourcecode.swift; path = BudgieLoginViewController.swift; sourceTree = "<group>"; };
		1639DACD1B0A5E3D00DC3217 /* Base */ = {isa = PBXFileReference; lastKnownFileType = file.storyboard; name = Base; path = Base.lproj/Main.storyboard; sourceTree = "<group>"; };
		1639DACF1B0A5E3D00DC3217 /* Images.xcassets */ = {isa = PBXFileReference; lastKnownFileType = folder.assetcatalog; path = Images.xcassets; sourceTree = "<group>"; };
		1639DAD21B0A5E3D00DC3217 /* Base */ = {isa = PBXFileReference; lastKnownFileType = file.xib; name = Base; path = Base.lproj/LaunchScreen.xib; sourceTree = "<group>"; };
		1639DAD81B0A5E3D00DC3217 /* BudgieTests.xctest */ = {isa = PBXFileReference; explicitFileType = wrapper.cfbundle; includeInIndex = 0; path = BudgieTests.xctest; sourceTree = BUILT_PRODUCTS_DIR; };
		1639DADD1B0A5E3D00DC3217 /* Info.plist */ = {isa = PBXFileReference; lastKnownFileType = text.plist.xml; path = Info.plist; sourceTree = "<group>"; };
		1639DADE1B0A5E3D00DC3217 /* BudgieTests.swift */ = {isa = PBXFileReference; lastKnownFileType = sourcecode.swift; path = BudgieTests.swift; sourceTree = "<group>"; };
		164A299E1B1A970F0092E0F3 /* BudgieSearchViewController.swift */ = {isa = PBXFileReference; fileEncoding = 4; lastKnownFileType = sourcecode.swift; path = BudgieSearchViewController.swift; sourceTree = "<group>"; };
		164A29A01B1AA60E0092E0F3 /* BudgieSearchUserCell.swift */ = {isa = PBXFileReference; fileEncoding = 4; lastKnownFileType = sourcecode.swift; path = BudgieSearchUserCell.swift; sourceTree = "<group>"; };
		165774AE1B1BD0AC007EB54B /* BudgieSwitchAccountsViewController.swift */ = {isa = PBXFileReference; fileEncoding = 4; lastKnownFileType = sourcecode.swift; path = BudgieSwitchAccountsViewController.swift; sourceTree = "<group>"; };
		165774B01B1BD242007EB54B /* BudgieSwitchAccountsCell.swift */ = {isa = PBXFileReference; fileEncoding = 4; lastKnownFileType = sourcecode.swift; path = BudgieSwitchAccountsCell.swift; sourceTree = "<group>"; };
		1658489F1B1A2AD300D217A4 /* BudgieMenuProfileCell.swift */ = {isa = PBXFileReference; fileEncoding = 4; lastKnownFileType = sourcecode.swift; path = BudgieMenuProfileCell.swift; sourceTree = "<group>"; };
		165848A11B1A494500D217A4 /* BudgieMentionsViewController.swift */ = {isa = PBXFileReference; fileEncoding = 4; lastKnownFileType = sourcecode.swift; path = BudgieMentionsViewController.swift; sourceTree = "<group>"; };
		165848A51B1A504300D217A4 /* BudgieProfileGalleryCell.swift */ = {isa = PBXFileReference; fileEncoding = 4; lastKnownFileType = sourcecode.swift; path = BudgieProfileGalleryCell.swift; sourceTree = "<group>"; };
		165848A71B1A505700D217A4 /* BudgieProfileFriendsCell.swift */ = {isa = PBXFileReference; fileEncoding = 4; lastKnownFileType = sourcecode.swift; path = BudgieProfileFriendsCell.swift; sourceTree = "<group>"; };
		165848A91B1A507200D217A4 /* BudgieProfileUserTweetsCell.swift */ = {isa = PBXFileReference; fileEncoding = 4; lastKnownFileType = sourcecode.swift; path = BudgieProfileUserTweetsCell.swift; sourceTree = "<group>"; };
		168B1A261B194D6D008A21F1 /* BudgieAltProfileCollectionViewController.swift */ = {isa = PBXFileReference; fileEncoding = 4; lastKnownFileType = sourcecode.swift; path = BudgieAltProfileCollectionViewController.swift; sourceTree = "<group>"; };
		168B1A281B19533A008A21F1 /* BudgieHeaderReusableView.swift */ = {isa = PBXFileReference; fileEncoding = 4; lastKnownFileType = sourcecode.swift; path = BudgieHeaderReusableView.swift; sourceTree = "<group>"; };
		168B1A2A1B19534E008A21F1 /* BudgieFooterReusableView.swift */ = {isa = PBXFileReference; fileEncoding = 4; lastKnownFileType = sourcecode.swift; path = BudgieFooterReusableView.swift; sourceTree = "<group>"; };
		168B1A301B1963C9008A21F1 /* BudgieMenuViewController.swift */ = {isa = PBXFileReference; fileEncoding = 4; lastKnownFileType = sourcecode.swift; path = BudgieMenuViewController.swift; sourceTree = "<group>"; };
		16A91D701B168DA100C07E20 /* UIFont+Appearance.swift */ = {isa = PBXFileReference; fileEncoding = 4; lastKnownFileType = sourcecode.swift; path = "UIFont+Appearance.swift"; sourceTree = "<group>"; };
		16B13F781B0BA2A500427476 /* custom.plist */ = {isa = PBXFileReference; fileEncoding = 4; lastKnownFileType = text.plist.xml; path = custom.plist; sourceTree = "<group>"; };
		16B13F7C1B0BB01000427476 /* BudgieHomeViewController.swift */ = {isa = PBXFileReference; fileEncoding = 4; lastKnownFileType = sourcecode.swift; path = BudgieHomeViewController.swift; sourceTree = "<group>"; };
		16B13F7E1B0BC0D000427476 /* BudgieTweetCell.swift */ = {isa = PBXFileReference; fileEncoding = 4; lastKnownFileType = sourcecode.swift; path = BudgieTweetCell.swift; sourceTree = "<group>"; };
		16B13F821B0BC2EE00427476 /* BudgieProfileViewController.swift */ = {isa = PBXFileReference; fileEncoding = 4; lastKnownFileType = sourcecode.swift; path = BudgieProfileViewController.swift; sourceTree = "<group>"; };
		16B13F841B0C310100427476 /* BudgieTweetDetailsViewController.swift */ = {isa = PBXFileReference; fileEncoding = 4; lastKnownFileType = sourcecode.swift; path = BudgieTweetDetailsViewController.swift; sourceTree = "<group>"; };
		16B13F861B0C357400427476 /* BudgieDetailsHeaderCell.swift */ = {isa = PBXFileReference; fileEncoding = 4; lastKnownFileType = sourcecode.swift; path = BudgieDetailsHeaderCell.swift; sourceTree = "<group>"; };
		16B13F8D1B0C365E00427476 /* BudgieDetailsEmptyCell.swift */ = {isa = PBXFileReference; fileEncoding = 4; lastKnownFileType = sourcecode.swift; path = BudgieDetailsEmptyCell.swift; sourceTree = "<group>"; };
		16B13F911B0C369800427476 /* BudgieDetailsActionsCell.swift */ = {isa = PBXFileReference; fileEncoding = 4; lastKnownFileType = sourcecode.swift; path = BudgieDetailsActionsCell.swift; sourceTree = "<group>"; };
		16B591221B0A5F6700C63812 /* Budgie-Bridging-Header.h */ = {isa = PBXFileReference; lastKnownFileType = sourcecode.c.h; path = "Budgie-Bridging-Header.h"; sourceTree = "<group>"; };
		16B591271B0A61C900C63812 /* TwitterClient.swift */ = {isa = PBXFileReference; fileEncoding = 4; lastKnownFileType = sourcecode.swift; path = TwitterClient.swift; sourceTree = "<group>"; };
		16B591291B0A814B00C63812 /* User.swift */ = {isa = PBXFileReference; fileEncoding = 4; lastKnownFileType = sourcecode.swift; path = User.swift; sourceTree = "<group>"; };
		16B5912B1B0A815900C63812 /* Tweet.swift */ = {isa = PBXFileReference; fileEncoding = 4; lastKnownFileType = sourcecode.swift; path = Tweet.swift; sourceTree = "<group>"; };
		16F598091B17F8FF0022637B /* BudgieProfileCollectionViewController.swift */ = {isa = PBXFileReference; fileEncoding = 4; lastKnownFileType = sourcecode.swift; path = BudgieProfileCollectionViewController.swift; sourceTree = "<group>"; };
		16F5980B1B17FC310022637B /* BudgieProfileHeaderReusableView.swift */ = {isa = PBXFileReference; fileEncoding = 4; lastKnownFileType = sourcecode.swift; path = BudgieProfileHeaderReusableView.swift; sourceTree = "<group>"; };
		DC63E5ED735F8DAD04838549 /* libPods.a */ = {isa = PBXFileReference; explicitFileType = archive.ar; includeInIndex = 0; path = libPods.a; sourceTree = BUILT_PRODUCTS_DIR; };
		EE3E614F0A98C0958DEEE7C6 /* Pods.release.xcconfig */ = {isa = PBXFileReference; includeInIndex = 1; lastKnownFileType = text.xcconfig; name = Pods.release.xcconfig; path = "Pods/Target Support Files/Pods/Pods.release.xcconfig"; sourceTree = "<group>"; };
		FD73C2BA77F7D72E7AFEA167 /* Pods.debug.xcconfig */ = {isa = PBXFileReference; includeInIndex = 1; lastKnownFileType = text.xcconfig; name = Pods.debug.xcconfig; path = "Pods/Target Support Files/Pods/Pods.debug.xcconfig"; sourceTree = "<group>"; };
/* End PBXFileReference section */

/* Begin PBXFrameworksBuildPhase section */
		1639DABD1B0A5E3D00DC3217 /* Frameworks */ = {
			isa = PBXFrameworksBuildPhase;
			buildActionMask = 2147483647;
			files = (
				261238C5F3D298B84FA22666 /* libPods.a in Frameworks */,
			);
			runOnlyForDeploymentPostprocessing = 0;
		};
		1639DAD51B0A5E3D00DC3217 /* Frameworks */ = {
			isa = PBXFrameworksBuildPhase;
			buildActionMask = 2147483647;
			files = (
			);
			runOnlyForDeploymentPostprocessing = 0;
		};
/* End PBXFrameworksBuildPhase section */

/* Begin PBXGroup section */
		1639DAB71B0A5E3D00DC3217 = {
			isa = PBXGroup;
			children = (
				1639DAC21B0A5E3D00DC3217 /* Budgie */,
				1639DADB1B0A5E3D00DC3217 /* BudgieTests */,
				1639DAC11B0A5E3D00DC3217 /* Products */,
				1C1F19165401510DE9EC5E3F /* Pods */,
				9C5B71FDE156512AAA8C34DD /* Frameworks */,
			);
			sourceTree = "<group>";
		};
		1639DAC11B0A5E3D00DC3217 /* Products */ = {
			isa = PBXGroup;
			children = (
				1639DAC01B0A5E3D00DC3217 /* Budgie.app */,
				1639DAD81B0A5E3D00DC3217 /* BudgieTests.xctest */,
			);
			name = Products;
			sourceTree = "<group>";
		};
		1639DAC21B0A5E3D00DC3217 /* Budgie */ = {
			isa = PBXGroup;
			children = (
				16A91D721B168E0000C07E20 /* Appearance */,
				1639DAC51B0A5E3D00DC3217 /* AppDelegate.swift */,
				16B591251B0A617100C63812 /* API */,
				16B591261B0A617E00C63812 /* Models */,
				16B13F7B1B0BA4B000427476 /* Views */,
				16B13F7A1B0BA48A00427476 /* ViewControllers */,
				1639DACC1B0A5E3D00DC3217 /* Main.storyboard */,
				1639DACF1B0A5E3D00DC3217 /* Images.xcassets */,
				1639DAD11B0A5E3D00DC3217 /* LaunchScreen.xib */,
				1639DAC71B0A5E3D00DC3217 /* Budgie.xcdatamodeld */,
				1639DAC31B0A5E3D00DC3217 /* Supporting Files */,
				16B591221B0A5F6700C63812 /* Budgie-Bridging-Header.h */,
			);
			path = Budgie;
			sourceTree = "<group>";
		};
		1639DAC31B0A5E3D00DC3217 /* Supporting Files */ = {
			isa = PBXGroup;
			children = (
				1639DAC41B0A5E3D00DC3217 /* Info.plist */,
				16B13F781B0BA2A500427476 /* custom.plist */,
			);
			name = "Supporting Files";
			sourceTree = "<group>";
		};
		1639DADB1B0A5E3D00DC3217 /* BudgieTests */ = {
			isa = PBXGroup;
			children = (
				1639DADE1B0A5E3D00DC3217 /* BudgieTests.swift */,
				1639DADC1B0A5E3D00DC3217 /* Supporting Files */,
			);
			path = BudgieTests;
			sourceTree = "<group>";
		};
		1639DADC1B0A5E3D00DC3217 /* Supporting Files */ = {
			isa = PBXGroup;
			children = (
				1639DADD1B0A5E3D00DC3217 /* Info.plist */,
			);
			name = "Supporting Files";
			sourceTree = "<group>";
		};
		16A91D721B168E0000C07E20 /* Appearance */ = {
			isa = PBXGroup;
			children = (
				16A91D701B168DA100C07E20 /* UIFont+Appearance.swift */,
			);
			name = Appearance;
			sourceTree = "<group>";
		};
		16B13F7A1B0BA48A00427476 /* ViewControllers */ = {
			isa = PBXGroup;
			children = (
				1639DACA1B0A5E3D00DC3217 /* BudgieLoginViewController.swift */,
				16B13F7C1B0BB01000427476 /* BudgieHomeViewController.swift */,
				165848A11B1A494500D217A4 /* BudgieMentionsViewController.swift */,
				164A299E1B1A970F0092E0F3 /* BudgieSearchViewController.swift */,
				16B13F821B0BC2EE00427476 /* BudgieProfileViewController.swift */,
				16F598091B17F8FF0022637B /* BudgieProfileCollectionViewController.swift */,
				16B13F841B0C310100427476 /* BudgieTweetDetailsViewController.swift */,
				160CB1ED1B0D0A2C002E35E7 /* BudgieComposeTweetViewController.swift */,
				168B1A261B194D6D008A21F1 /* BudgieAltProfileCollectionViewController.swift */,
				168B1A301B1963C9008A21F1 /* BudgieMenuViewController.swift */,
				165774AE1B1BD0AC007EB54B /* BudgieSwitchAccountsViewController.swift */,
			);
			name = ViewControllers;
			sourceTree = "<group>";
		};
		16B13F7B1B0BA4B000427476 /* Views */ = {
			isa = PBXGroup;
			children = (
				16B13F881B0C357E00427476 /* Cells */,
			);
			name = Views;
			sourceTree = "<group>";
		};
		16B13F881B0C357E00427476 /* Cells */ = {
			isa = PBXGroup;
			children = (
				16B13F861B0C357400427476 /* BudgieDetailsHeaderCell.swift */,
				16B13F911B0C369800427476 /* BudgieDetailsActionsCell.swift */,
				16B13F8D1B0C365E00427476 /* BudgieDetailsEmptyCell.swift */,
				16B13F7E1B0BC0D000427476 /* BudgieTweetCell.swift */,
				16F5980B1B17FC310022637B /* BudgieProfileHeaderReusableView.swift */,
				168B1A281B19533A008A21F1 /* BudgieHeaderReusableView.swift */,
				168B1A2A1B19534E008A21F1 /* BudgieFooterReusableView.swift */,
				1658489F1B1A2AD300D217A4 /* BudgieMenuProfileCell.swift */,
				165848A51B1A504300D217A4 /* BudgieProfileGalleryCell.swift */,
				165848A71B1A505700D217A4 /* BudgieProfileFriendsCell.swift */,
				165848A91B1A507200D217A4 /* BudgieProfileUserTweetsCell.swift */,
				164A29A01B1AA60E0092E0F3 /* BudgieSearchUserCell.swift */,
				165774B01B1BD242007EB54B /* BudgieSwitchAccountsCell.swift */,
			);
			name = Cells;
			sourceTree = "<group>";
		};
		16B591251B0A617100C63812 /* API */ = {
			isa = PBXGroup;
			children = (
				16B591271B0A61C900C63812 /* TwitterClient.swift */,
			);
			name = API;
			sourceTree = "<group>";
		};
		16B591261B0A617E00C63812 /* Models */ = {
			isa = PBXGroup;
			children = (
				16B591291B0A814B00C63812 /* User.swift */,
				16B5912B1B0A815900C63812 /* Tweet.swift */,
			);
			name = Models;
			sourceTree = "<group>";
		};
		1C1F19165401510DE9EC5E3F /* Pods */ = {
			isa = PBXGroup;
			children = (
				FD73C2BA77F7D72E7AFEA167 /* Pods.debug.xcconfig */,
				EE3E614F0A98C0958DEEE7C6 /* Pods.release.xcconfig */,
			);
			name = Pods;
			sourceTree = "<group>";
		};
		9C5B71FDE156512AAA8C34DD /* Frameworks */ = {
			isa = PBXGroup;
			children = (
				DC63E5ED735F8DAD04838549 /* libPods.a */,
			);
			name = Frameworks;
			sourceTree = "<group>";
		};
/* End PBXGroup section */

/* Begin PBXNativeTarget section */
		1639DABF1B0A5E3D00DC3217 /* Budgie */ = {
			isa = PBXNativeTarget;
			buildConfigurationList = 1639DAE21B0A5E3D00DC3217 /* Build configuration list for PBXNativeTarget "Budgie" */;
			buildPhases = (
				DDC52B208D202E5508A15294 /* Check Pods Manifest.lock */,
				1639DABC1B0A5E3D00DC3217 /* Sources */,
				1639DABD1B0A5E3D00DC3217 /* Frameworks */,
				1639DABE1B0A5E3D00DC3217 /* Resources */,
				E429E3C5097A6C0A6D338468 /* Copy Pods Resources */,
			);
			buildRules = (
			);
			dependencies = (
			);
			name = Budgie;
			productName = Budgie;
			productReference = 1639DAC01B0A5E3D00DC3217 /* Budgie.app */;
			productType = "com.apple.product-type.application";
		};
		1639DAD71B0A5E3D00DC3217 /* BudgieTests */ = {
			isa = PBXNativeTarget;
			buildConfigurationList = 1639DAE51B0A5E3D00DC3217 /* Build configuration list for PBXNativeTarget "BudgieTests" */;
			buildPhases = (
				1639DAD41B0A5E3D00DC3217 /* Sources */,
				1639DAD51B0A5E3D00DC3217 /* Frameworks */,
				1639DAD61B0A5E3D00DC3217 /* Resources */,
			);
			buildRules = (
			);
			dependencies = (
				1639DADA1B0A5E3D00DC3217 /* PBXTargetDependency */,
			);
			name = BudgieTests;
			productName = BudgieTests;
			productReference = 1639DAD81B0A5E3D00DC3217 /* BudgieTests.xctest */;
			productType = "com.apple.product-type.bundle.unit-test";
		};
/* End PBXNativeTarget section */

/* Begin PBXProject section */
		1639DAB81B0A5E3D00DC3217 /* Project object */ = {
			isa = PBXProject;
			attributes = {
				LastUpgradeCheck = 0630;
				ORGANIZATIONNAME = "Twister Labs, LLC";
				TargetAttributes = {
					1639DABF1B0A5E3D00DC3217 = {
						CreatedOnToolsVersion = 6.3.1;
					};
					1639DAD71B0A5E3D00DC3217 = {
						CreatedOnToolsVersion = 6.3.1;
						TestTargetID = 1639DABF1B0A5E3D00DC3217;
					};
				};
			};
			buildConfigurationList = 1639DABB1B0A5E3D00DC3217 /* Build configuration list for PBXProject "Budgie" */;
			compatibilityVersion = "Xcode 3.2";
			developmentRegion = English;
			hasScannedForEncodings = 0;
			knownRegions = (
				en,
				Base,
			);
			mainGroup = 1639DAB71B0A5E3D00DC3217;
			productRefGroup = 1639DAC11B0A5E3D00DC3217 /* Products */;
			projectDirPath = "";
			projectRoot = "";
			targets = (
				1639DABF1B0A5E3D00DC3217 /* Budgie */,
				1639DAD71B0A5E3D00DC3217 /* BudgieTests */,
			);
		};
/* End PBXProject section */

/* Begin PBXResourcesBuildPhase section */
		1639DABE1B0A5E3D00DC3217 /* Resources */ = {
			isa = PBXResourcesBuildPhase;
			buildActionMask = 2147483647;
			files = (
				1639DACE1B0A5E3D00DC3217 /* Main.storyboard in Resources */,
				16B13F791B0BA2A500427476 /* custom.plist in Resources */,
				1639DAD31B0A5E3D00DC3217 /* LaunchScreen.xib in Resources */,
				1639DAD01B0A5E3D00DC3217 /* Images.xcassets in Resources */,
			);
			runOnlyForDeploymentPostprocessing = 0;
		};
		1639DAD61B0A5E3D00DC3217 /* Resources */ = {
			isa = PBXResourcesBuildPhase;
			buildActionMask = 2147483647;
			files = (
			);
			runOnlyForDeploymentPostprocessing = 0;
		};
/* End PBXResourcesBuildPhase section */

/* Begin PBXShellScriptBuildPhase section */
		DDC52B208D202E5508A15294 /* Check Pods Manifest.lock */ = {
			isa = PBXShellScriptBuildPhase;
			buildActionMask = 2147483647;
			files = (
			);
			inputPaths = (
			);
			name = "Check Pods Manifest.lock";
			outputPaths = (
			);
			runOnlyForDeploymentPostprocessing = 0;
			shellPath = /bin/sh;
			shellScript = "diff \"${PODS_ROOT}/../Podfile.lock\" \"${PODS_ROOT}/Manifest.lock\" > /dev/null\nif [[ $? != 0 ]] ; then\n    cat << EOM\nerror: The sandbox is not in sync with the Podfile.lock. Run 'pod install' or update your CocoaPods installation.\nEOM\n    exit 1\nfi\n";
			showEnvVarsInLog = 0;
		};
		E429E3C5097A6C0A6D338468 /* Copy Pods Resources */ = {
			isa = PBXShellScriptBuildPhase;
			buildActionMask = 2147483647;
			files = (
			);
			inputPaths = (
			);
			name = "Copy Pods Resources";
			outputPaths = (
			);
			runOnlyForDeploymentPostprocessing = 0;
			shellPath = /bin/sh;
			shellScript = "\"${SRCROOT}/Pods/Target Support Files/Pods/Pods-resources.sh\"\n";
			showEnvVarsInLog = 0;
		};
/* End PBXShellScriptBuildPhase section */

/* Begin PBXSourcesBuildPhase section */
		1639DABC1B0A5E3D00DC3217 /* Sources */ = {
			isa = PBXSourcesBuildPhase;
			buildActionMask = 2147483647;
			files = (
				16B591281B0A61C900C63812 /* TwitterClient.swift in Sources */,
				168B1A291B19533A008A21F1 /* BudgieHeaderReusableView.swift in Sources */,
				16B13F7F1B0BC0D000427476 /* BudgieTweetCell.swift in Sources */,
				16F5980A1B17F8FF0022637B /* BudgieProfileCollectionViewController.swift in Sources */,
				1639DACB1B0A5E3D00DC3217 /* BudgieLoginViewController.swift in Sources */,
				1639DAC61B0A5E3D00DC3217 /* AppDelegate.swift in Sources */,
				164A29A11B1AA60E0092E0F3 /* BudgieSearchUserCell.swift in Sources */,
				16B13F921B0C369800427476 /* BudgieDetailsActionsCell.swift in Sources */,
				16B13F831B0BC2EE00427476 /* BudgieProfileViewController.swift in Sources */,
				165774B11B1BD242007EB54B /* BudgieSwitchAccountsCell.swift in Sources */,
				16B5912C1B0A815900C63812 /* Tweet.swift in Sources */,
				16B13F871B0C357400427476 /* BudgieDetailsHeaderCell.swift in Sources */,
				165848A01B1A2AD300D217A4 /* BudgieMenuProfileCell.swift in Sources */,
				16F5980C1B17FC310022637B /* BudgieProfileHeaderReusableView.swift in Sources */,
				168B1A271B194D6D008A21F1 /* BudgieAltProfileCollectionViewController.swift in Sources */,
				16B13F8E1B0C365E00427476 /* BudgieDetailsEmptyCell.swift in Sources */,
				165848A81B1A505700D217A4 /* BudgieProfileFriendsCell.swift in Sources */,
				16B13F7D1B0BB01000427476 /* BudgieHomeViewController.swift in Sources */,
				165848A21B1A494500D217A4 /* BudgieMentionsViewController.swift in Sources */,
				16B13F851B0C310100427476 /* BudgieTweetDetailsViewController.swift in Sources */,
				16B5912A1B0A814B00C63812 /* User.swift in Sources */,
				165848A61B1A504300D217A4 /* BudgieProfileGalleryCell.swift in Sources */,
				165848AA1B1A507200D217A4 /* BudgieProfileUserTweetsCell.swift in Sources */,
				168B1A311B1963C9008A21F1 /* BudgieMenuViewController.swift in Sources */,
				1639DAC91B0A5E3D00DC3217 /* Budgie.xcdatamodeld in Sources */,
				160CB1EE1B0D0A2C002E35E7 /* BudgieComposeTweetViewController.swift in Sources */,
				168B1A2B1B19534E008A21F1 /* BudgieFooterReusableView.swift in Sources */,
				165774AF1B1BD0AC007EB54B /* BudgieSwitchAccountsViewController.swift in Sources */,
				16A91D711B168DA100C07E20 /* UIFont+Appearance.swift in Sources */,
				164A299F1B1A970F0092E0F3 /* BudgieSearchViewController.swift in Sources */,
			);
			runOnlyForDeploymentPostprocessing = 0;
		};
		1639DAD41B0A5E3D00DC3217 /* Sources */ = {
			isa = PBXSourcesBuildPhase;
			buildActionMask = 2147483647;
			files = (
				1639DADF1B0A5E3D00DC3217 /* BudgieTests.swift in Sources */,
			);
			runOnlyForDeploymentPostprocessing = 0;
		};
/* End PBXSourcesBuildPhase section */

/* Begin PBXTargetDependency section */
		1639DADA1B0A5E3D00DC3217 /* PBXTargetDependency */ = {
			isa = PBXTargetDependency;
			target = 1639DABF1B0A5E3D00DC3217 /* Budgie */;
			targetProxy = 1639DAD91B0A5E3D00DC3217 /* PBXContainerItemProxy */;
		};
/* End PBXTargetDependency section */

/* Begin PBXVariantGroup section */
		1639DACC1B0A5E3D00DC3217 /* Main.storyboard */ = {
			isa = PBXVariantGroup;
			children = (
				1639DACD1B0A5E3D00DC3217 /* Base */,
			);
			name = Main.storyboard;
			sourceTree = "<group>";
		};
		1639DAD11B0A5E3D00DC3217 /* LaunchScreen.xib */ = {
			isa = PBXVariantGroup;
			children = (
				1639DAD21B0A5E3D00DC3217 /* Base */,
			);
			name = LaunchScreen.xib;
			sourceTree = "<group>";
		};
/* End PBXVariantGroup section */

/* Begin XCBuildConfiguration section */
		1639DAE01B0A5E3D00DC3217 /* Debug */ = {
			isa = XCBuildConfiguration;
			buildSettings = {
				ALWAYS_SEARCH_USER_PATHS = NO;
				CLANG_CXX_LANGUAGE_STANDARD = "gnu++0x";
				CLANG_CXX_LIBRARY = "libc++";
				CLANG_ENABLE_MODULES = YES;
				CLANG_ENABLE_OBJC_ARC = YES;
				CLANG_WARN_BOOL_CONVERSION = YES;
				CLANG_WARN_CONSTANT_CONVERSION = YES;
				CLANG_WARN_DIRECT_OBJC_ISA_USAGE = YES_ERROR;
				CLANG_WARN_EMPTY_BODY = YES;
				CLANG_WARN_ENUM_CONVERSION = YES;
				CLANG_WARN_INT_CONVERSION = YES;
				CLANG_WARN_OBJC_ROOT_CLASS = YES_ERROR;
				CLANG_WARN_UNREACHABLE_CODE = YES;
				CLANG_WARN__DUPLICATE_METHOD_MATCH = YES;
				"CODE_SIGN_IDENTITY[sdk=iphoneos*]" = "iPhone Developer";
				COPY_PHASE_STRIP = NO;
				DEBUG_INFORMATION_FORMAT = "dwarf-with-dsym";
				ENABLE_STRICT_OBJC_MSGSEND = YES;
				GCC_C_LANGUAGE_STANDARD = gnu99;
				GCC_DYNAMIC_NO_PIC = NO;
				GCC_NO_COMMON_BLOCKS = YES;
				GCC_OPTIMIZATION_LEVEL = 0;
				GCC_PREPROCESSOR_DEFINITIONS = (
					"DEBUG=1",
					"$(inherited)",
				);
				GCC_SYMBOLS_PRIVATE_EXTERN = NO;
				GCC_WARN_64_TO_32_BIT_CONVERSION = YES;
				GCC_WARN_ABOUT_RETURN_TYPE = YES_ERROR;
				GCC_WARN_UNDECLARED_SELECTOR = YES;
				GCC_WARN_UNINITIALIZED_AUTOS = YES_AGGRESSIVE;
				GCC_WARN_UNUSED_FUNCTION = YES;
				GCC_WARN_UNUSED_VARIABLE = YES;
				IPHONEOS_DEPLOYMENT_TARGET = 8.3;
				MTL_ENABLE_DEBUG_INFO = YES;
				ONLY_ACTIVE_ARCH = YES;
				SDKROOT = iphoneos;
				SWIFT_OPTIMIZATION_LEVEL = "-Onone";
				TARGETED_DEVICE_FAMILY = "1,2";
			};
			name = Debug;
		};
		1639DAE11B0A5E3D00DC3217 /* Release */ = {
			isa = XCBuildConfiguration;
			buildSettings = {
				ALWAYS_SEARCH_USER_PATHS = NO;
				CLANG_CXX_LANGUAGE_STANDARD = "gnu++0x";
				CLANG_CXX_LIBRARY = "libc++";
				CLANG_ENABLE_MODULES = YES;
				CLANG_ENABLE_OBJC_ARC = YES;
				CLANG_WARN_BOOL_CONVERSION = YES;
				CLANG_WARN_CONSTANT_CONVERSION = YES;
				CLANG_WARN_DIRECT_OBJC_ISA_USAGE = YES_ERROR;
				CLANG_WARN_EMPTY_BODY = YES;
				CLANG_WARN_ENUM_CONVERSION = YES;
				CLANG_WARN_INT_CONVERSION = YES;
				CLANG_WARN_OBJC_ROOT_CLASS = YES_ERROR;
				CLANG_WARN_UNREACHABLE_CODE = YES;
				CLANG_WARN__DUPLICATE_METHOD_MATCH = YES;
				"CODE_SIGN_IDENTITY[sdk=iphoneos*]" = "iPhone Developer";
				COPY_PHASE_STRIP = NO;
				DEBUG_INFORMATION_FORMAT = "dwarf-with-dsym";
				ENABLE_NS_ASSERTIONS = NO;
				ENABLE_STRICT_OBJC_MSGSEND = YES;
				GCC_C_LANGUAGE_STANDARD = gnu99;
				GCC_NO_COMMON_BLOCKS = YES;
				GCC_WARN_64_TO_32_BIT_CONVERSION = YES;
				GCC_WARN_ABOUT_RETURN_TYPE = YES_ERROR;
				GCC_WARN_UNDECLARED_SELECTOR = YES;
				GCC_WARN_UNINITIALIZED_AUTOS = YES_AGGRESSIVE;
				GCC_WARN_UNUSED_FUNCTION = YES;
				GCC_WARN_UNUSED_VARIABLE = YES;
				IPHONEOS_DEPLOYMENT_TARGET = 8.3;
				MTL_ENABLE_DEBUG_INFO = NO;
				SDKROOT = iphoneos;
				TARGETED_DEVICE_FAMILY = "1,2";
				VALIDATE_PRODUCT = YES;
			};
			name = Release;
		};
		1639DAE31B0A5E3D00DC3217 /* Debug */ = {
			isa = XCBuildConfiguration;
			baseConfigurationReference = FD73C2BA77F7D72E7AFEA167 /* Pods.debug.xcconfig */;
			buildSettings = {
				ASSETCATALOG_COMPILER_APPICON_NAME = AppIcon;
				CLANG_ENABLE_MODULES = YES;
				INFOPLIST_FILE = Budgie/Info.plist;
				LD_RUNPATH_SEARCH_PATHS = "$(inherited) @executable_path/Frameworks";
				PRODUCT_NAME = "$(TARGET_NAME)";
				SWIFT_OBJC_BRIDGING_HEADER = "Budgie/Budgie-Bridging-Header.h";
				SWIFT_OPTIMIZATION_LEVEL = "-Onone";
			};
			name = Debug;
		};
		1639DAE41B0A5E3D00DC3217 /* Release */ = {
			isa = XCBuildConfiguration;
			baseConfigurationReference = EE3E614F0A98C0958DEEE7C6 /* Pods.release.xcconfig */;
			buildSettings = {
				ASSETCATALOG_COMPILER_APPICON_NAME = AppIcon;
				CLANG_ENABLE_MODULES = YES;
				INFOPLIST_FILE = Budgie/Info.plist;
				LD_RUNPATH_SEARCH_PATHS = "$(inherited) @executable_path/Frameworks";
				PRODUCT_NAME = "$(TARGET_NAME)";
				SWIFT_OBJC_BRIDGING_HEADER = "Budgie/Budgie-Bridging-Header.h";
			};
			name = Release;
		};
		1639DAE61B0A5E3D00DC3217 /* Debug */ = {
			isa = XCBuildConfiguration;
			buildSettings = {
				BUNDLE_LOADER = "$(TEST_HOST)";
				FRAMEWORK_SEARCH_PATHS = (
					"$(SDKROOT)/Developer/Library/Frameworks",
					"$(inherited)",
				);
				GCC_PREPROCESSOR_DEFINITIONS = (
					"DEBUG=1",
					"$(inherited)",
				);
				INFOPLIST_FILE = BudgieTests/Info.plist;
				LD_RUNPATH_SEARCH_PATHS = "$(inherited) @executable_path/Frameworks @loader_path/Frameworks";
				PRODUCT_NAME = "$(TARGET_NAME)";
				TEST_HOST = "$(BUILT_PRODUCTS_DIR)/Budgie.app/Budgie";
			};
			name = Debug;
		};
		1639DAE71B0A5E3D00DC3217 /* Release */ = {
			isa = XCBuildConfiguration;
			buildSettings = {
				BUNDLE_LOADER = "$(TEST_HOST)";
				FRAMEWORK_SEARCH_PATHS = (
					"$(SDKROOT)/Developer/Library/Frameworks",
					"$(inherited)",
				);
				INFOPLIST_FILE = BudgieTests/Info.plist;
				LD_RUNPATH_SEARCH_PATHS = "$(inherited) @executable_path/Frameworks @loader_path/Frameworks";
				PRODUCT_NAME = "$(TARGET_NAME)";
				TEST_HOST = "$(BUILT_PRODUCTS_DIR)/Budgie.app/Budgie";
			};
			name = Release;
		};
/* End XCBuildConfiguration section */

/* Begin XCConfigurationList section */
		1639DABB1B0A5E3D00DC3217 /* Build configuration list for PBXProject "Budgie" */ = {
			isa = XCConfigurationList;
			buildConfigurations = (
				1639DAE01B0A5E3D00DC3217 /* Debug */,
				1639DAE11B0A5E3D00DC3217 /* Release */,
			);
			defaultConfigurationIsVisible = 0;
			defaultConfigurationName = Release;
		};
		1639DAE21B0A5E3D00DC3217 /* Build configuration list for PBXNativeTarget "Budgie" */ = {
			isa = XCConfigurationList;
			buildConfigurations = (
				1639DAE31B0A5E3D00DC3217 /* Debug */,
				1639DAE41B0A5E3D00DC3217 /* Release */,
			);
			defaultConfigurationIsVisible = 0;
			defaultConfigurationName = Release;
		};
		1639DAE51B0A5E3D00DC3217 /* Build configuration list for PBXNativeTarget "BudgieTests" */ = {
			isa = XCConfigurationList;
			buildConfigurations = (
				1639DAE61B0A5E3D00DC3217 /* Debug */,
				1639DAE71B0A5E3D00DC3217 /* Release */,
			);
			defaultConfigurationIsVisible = 0;
			defaultConfigurationName = Release;
		};
/* End XCConfigurationList section */

/* Begin XCVersionGroup section */
		1639DAC71B0A5E3D00DC3217 /* Budgie.xcdatamodeld */ = {
			isa = XCVersionGroup;
			children = (
				1639DAC81B0A5E3D00DC3217 /* Budgie.xcdatamodel */,
			);
			currentVersion = 1639DAC81B0A5E3D00DC3217 /* Budgie.xcdatamodel */;
			path = Budgie.xcdatamodeld;
			sourceTree = "<group>";
			versionGroupType = wrapper.xcdatamodel;
		};
/* End XCVersionGroup section */
	};
	rootObject = 1639DAB81B0A5E3D00DC3217 /* Project object */;
}
